// !$*UTF8*$!
{
	archiveVersion = 1;
	classes = {
	};
	objectVersion = 50;
	objects = {

/* Begin PBXBuildFile section */
		4BBDABCF2593BF7B006F8FE0 /* AppDelegate.swift in Sources */ = {isa = PBXBuildFile; fileRef = 4BBDABCE2593BF7B006F8FE0 /* AppDelegate.swift */; };
		4BBDABD12593BF7B006F8FE0 /* SceneDelegate.swift in Sources */ = {isa = PBXBuildFile; fileRef = 4BBDABD02593BF7B006F8FE0 /* SceneDelegate.swift */; };
		4BBDABD62593BF7B006F8FE0 /* Main.storyboard in Resources */ = {isa = PBXBuildFile; fileRef = 4BBDABD42593BF7B006F8FE0 /* Main.storyboard */; };
		4BBDABD82593BF82006F8FE0 /* Assets.xcassets in Resources */ = {isa = PBXBuildFile; fileRef = 4BBDABD72593BF82006F8FE0 /* Assets.xcassets */; };
		4BBDABDB2593BF82006F8FE0 /* LaunchScreen.storyboard in Resources */ = {isa = PBXBuildFile; fileRef = 4BBDABD92593BF82006F8FE0 /* LaunchScreen.storyboard */; };
		4BBDABEE2593C77A006F8FE0 /* CovidTableViewController.swift in Sources */ = {isa = PBXBuildFile; fileRef = 4BBDABED2593C77A006F8FE0 /* CovidTableViewController.swift */; };
		4BBDABF42593CB0A006F8FE0 /* Endpoint.swift in Sources */ = {isa = PBXBuildFile; fileRef = 4BBDABF12593CB0A006F8FE0 /* Endpoint.swift */; };
		4BBDABF52593CB0A006F8FE0 /* NetWorkingEngine.swift in Sources */ = {isa = PBXBuildFile; fileRef = 4BBDABF22593CB0A006F8FE0 /* NetWorkingEngine.swift */; };
		4BBDABF92593CB86006F8FE0 /* CovidTrackingEndpoint.swift in Sources */ = {isa = PBXBuildFile; fileRef = 4BBDABF82593CB86006F8FE0 /* CovidTrackingEndpoint.swift */; };
		4BBDABFE2593CDF2006F8FE0 /* CovidDailyData.swift in Sources */ = {isa = PBXBuildFile; fileRef = 4BBDABFD2593CDF2006F8FE0 /* CovidDailyData.swift */; };
		4BBDAC142593E56B006F8FE0 /* CovidDailyModel.swift in Sources */ = {isa = PBXBuildFile; fileRef = 4BBDAC132593E56B006F8FE0 /* CovidDailyModel.swift */; };
		4BBDAC172593EB32006F8FE0 /* TimeSeriesData.swift in Sources */ = {isa = PBXBuildFile; fileRef = 4BBDAC162593EB32006F8FE0 /* TimeSeriesData.swift */; };
		4BBDAC1A2593ED40006F8FE0 /* AllCovidData.swift in Sources */ = {isa = PBXBuildFile; fileRef = 4BBDAC192593ED3F006F8FE0 /* AllCovidData.swift */; };
/* End PBXBuildFile section */

/* Begin PBXFileReference section */
		4BBDABCB2593BF7B006F8FE0 /* ConsumingAPIWithMultiThreading.app */ = {isa = PBXFileReference; explicitFileType = wrapper.application; includeInIndex = 0; path = ConsumingAPIWithMultiThreading.app; sourceTree = BUILT_PRODUCTS_DIR; };
		4BBDABCE2593BF7B006F8FE0 /* AppDelegate.swift */ = {isa = PBXFileReference; lastKnownFileType = sourcecode.swift; path = AppDelegate.swift; sourceTree = "<group>"; };
		4BBDABD02593BF7B006F8FE0 /* SceneDelegate.swift */ = {isa = PBXFileReference; lastKnownFileType = sourcecode.swift; path = SceneDelegate.swift; sourceTree = "<group>"; };
		4BBDABD52593BF7B006F8FE0 /* Base */ = {isa = PBXFileReference; lastKnownFileType = file.storyboard; name = Base; path = Base.lproj/Main.storyboard; sourceTree = "<group>"; };
		4BBDABD72593BF82006F8FE0 /* Assets.xcassets */ = {isa = PBXFileReference; lastKnownFileType = folder.assetcatalog; path = Assets.xcassets; sourceTree = "<group>"; };
		4BBDABDA2593BF82006F8FE0 /* Base */ = {isa = PBXFileReference; lastKnownFileType = file.storyboard; name = Base; path = Base.lproj/LaunchScreen.storyboard; sourceTree = "<group>"; };
		4BBDABDC2593BF82006F8FE0 /* Info.plist */ = {isa = PBXFileReference; lastKnownFileType = text.plist.xml; path = Info.plist; sourceTree = "<group>"; };
		4BBDABED2593C77A006F8FE0 /* CovidTableViewController.swift */ = {isa = PBXFileReference; lastKnownFileType = sourcecode.swift; path = CovidTableViewController.swift; sourceTree = "<group>"; };
		4BBDABF12593CB0A006F8FE0 /* Endpoint.swift */ = {isa = PBXFileReference; fileEncoding = 4; lastKnownFileType = sourcecode.swift; path = Endpoint.swift; sourceTree = "<group>"; };
		4BBDABF22593CB0A006F8FE0 /* NetWorkingEngine.swift */ = {isa = PBXFileReference; fileEncoding = 4; lastKnownFileType = sourcecode.swift; path = NetWorkingEngine.swift; sourceTree = "<group>"; };
		4BBDABF82593CB86006F8FE0 /* CovidTrackingEndpoint.swift */ = {isa = PBXFileReference; lastKnownFileType = sourcecode.swift; path = CovidTrackingEndpoint.swift; sourceTree = "<group>"; };
		4BBDABFD2593CDF2006F8FE0 /* CovidDailyData.swift */ = {isa = PBXFileReference; lastKnownFileType = sourcecode.swift; path = CovidDailyData.swift; sourceTree = "<group>"; };
		4BBDAC132593E56B006F8FE0 /* CovidDailyModel.swift */ = {isa = PBXFileReference; lastKnownFileType = sourcecode.swift; path = CovidDailyModel.swift; sourceTree = "<group>"; };
		4BBDAC162593EB32006F8FE0 /* TimeSeriesData.swift */ = {isa = PBXFileReference; lastKnownFileType = sourcecode.swift; path = TimeSeriesData.swift; sourceTree = "<group>"; };
		4BBDAC192593ED3F006F8FE0 /* AllCovidData.swift */ = {isa = PBXFileReference; lastKnownFileType = sourcecode.swift; path = AllCovidData.swift; sourceTree = "<group>"; };
/* End PBXFileReference section */

/* Begin PBXFrameworksBuildPhase section */
		4BBDABC82593BF7B006F8FE0 /* Frameworks */ = {
			isa = PBXFrameworksBuildPhase;
			buildActionMask = 2147483647;
			files = (
			);
			runOnlyForDeploymentPostprocessing = 0;
		};
/* End PBXFrameworksBuildPhase section */

/* Begin PBXGroup section */
		4BBDABC22593BF7B006F8FE0 = {
			isa = PBXGroup;
			children = (
				4BBDABCD2593BF7B006F8FE0 /* ConsumingAPIWithMultiThreading */,
				4BBDABCC2593BF7B006F8FE0 /* Products */,
			);
			sourceTree = "<group>";
		};
		4BBDABCC2593BF7B006F8FE0 /* Products */ = {
			isa = PBXGroup;
			children = (
				4BBDABCB2593BF7B006F8FE0 /* ConsumingAPIWithMultiThreading.app */,
			);
			name = Products;
			sourceTree = "<group>";
		};
		4BBDABCD2593BF7B006F8FE0 /* ConsumingAPIWithMultiThreading */ = {
			isa = PBXGroup;
			children = (
				4BBDAC112593D93A006F8FE0 /* Controller */,
				4BBDABE32593BFBD006F8FE0 /* View */,
				4BBDABE82593C352006F8FE0 /* Model */,
				4BBDABE52593BFD1006F8FE0 /* Service */,
				4BBDABE42593BFC8006F8FE0 /* Supporting Files */,
				4BBDABDC2593BF82006F8FE0 /* Info.plist */,
			);
			path = ConsumingAPIWithMultiThreading;
			sourceTree = "<group>";
		};
		4BBDABE32593BFBD006F8FE0 /* View */ = {
			isa = PBXGroup;
			children = (
				4BBDABD42593BF7B006F8FE0 /* Main.storyboard */,
			);
			path = View;
			sourceTree = "<group>";
		};
		4BBDABE42593BFC8006F8FE0 /* Supporting Files */ = {
			isa = PBXGroup;
			children = (
				4BBDABD92593BF82006F8FE0 /* LaunchScreen.storyboard */,
				4BBDABCE2593BF7B006F8FE0 /* AppDelegate.swift */,
				4BBDABD72593BF82006F8FE0 /* Assets.xcassets */,
				4BBDABD02593BF7B006F8FE0 /* SceneDelegate.swift */,
			);
			path = "Supporting Files";
			sourceTree = "<group>";
		};
		4BBDABE52593BFD1006F8FE0 /* Service */ = {
			isa = PBXGroup;
			children = (
				4BBDABF82593CB86006F8FE0 /* CovidTrackingEndpoint.swift */,
				4BBDABF12593CB0A006F8FE0 /* Endpoint.swift */,
				4BBDABF22593CB0A006F8FE0 /* NetWorkingEngine.swift */,
			);
			path = Service;
			sourceTree = "<group>";
		};
		4BBDABE82593C352006F8FE0 /* Model */ = {
			isa = PBXGroup;
			children = (
				4BBDABFD2593CDF2006F8FE0 /* CovidDailyData.swift */,
				4BBDAC162593EB32006F8FE0 /* TimeSeriesData.swift */,
				4BBDAC132593E56B006F8FE0 /* CovidDailyModel.swift */,
				4BBDAC192593ED3F006F8FE0 /* AllCovidData.swift */,
			);
			path = Model;
			sourceTree = "<group>";
		};
		4BBDAC112593D93A006F8FE0 /* Controller */ = {
			isa = PBXGroup;
			children = (
				4BBDABED2593C77A006F8FE0 /* CovidTableViewController.swift */,
			);
			path = Controller;
			sourceTree = "<group>";
		};
/* End PBXGroup section */

/* Begin PBXNativeTarget section */
		4BBDABCA2593BF7B006F8FE0 /* ConsumingAPIWithMultiThreading */ = {
			isa = PBXNativeTarget;
			buildConfigurationList = 4BBDABDF2593BF82006F8FE0 /* Build configuration list for PBXNativeTarget "ConsumingAPIWithMultiThreading" */;
			buildPhases = (
				4BBDABC72593BF7B006F8FE0 /* Sources */,
				4BBDABC82593BF7B006F8FE0 /* Frameworks */,
				4BBDABC92593BF7B006F8FE0 /* Resources */,
			);
			buildRules = (
			);
			dependencies = (
			);
			name = ConsumingAPIWithMultiThreading;
			productName = ConsumingAPIWithMultiThreading;
			productReference = 4BBDABCB2593BF7B006F8FE0 /* ConsumingAPIWithMultiThreading.app */;
			productType = "com.apple.product-type.application";
		};
/* End PBXNativeTarget section */

/* Begin PBXProject section */
		4BBDABC32593BF7B006F8FE0 /* Project object */ = {
			isa = PBXProject;
			attributes = {
				LastSwiftUpdateCheck = 1220;
				LastUpgradeCheck = 1220;
				TargetAttributes = {
					4BBDABCA2593BF7B006F8FE0 = {
						CreatedOnToolsVersion = 12.2;
					};
				};
			};
			buildConfigurationList = 4BBDABC62593BF7B006F8FE0 /* Build configuration list for PBXProject "ConsumingAPIWithMultiThreading" */;
			compatibilityVersion = "Xcode 9.3";
			developmentRegion = en;
			hasScannedForEncodings = 0;
			knownRegions = (
				en,
				Base,
			);
			mainGroup = 4BBDABC22593BF7B006F8FE0;
			productRefGroup = 4BBDABCC2593BF7B006F8FE0 /* Products */;
			projectDirPath = "";
			projectRoot = "";
			targets = (
				4BBDABCA2593BF7B006F8FE0 /* ConsumingAPIWithMultiThreading */,
			);
		};
/* End PBXProject section */

/* Begin PBXResourcesBuildPhase section */
		4BBDABC92593BF7B006F8FE0 /* Resources */ = {
			isa = PBXResourcesBuildPhase;
			buildActionMask = 2147483647;
			files = (
				4BBDABDB2593BF82006F8FE0 /* LaunchScreen.storyboard in Resources */,
				4BBDABD82593BF82006F8FE0 /* Assets.xcassets in Resources */,
				4BBDABD62593BF7B006F8FE0 /* Main.storyboard in Resources */,
			);
			runOnlyForDeploymentPostprocessing = 0;
		};
/* End PBXResourcesBuildPhase section */

/* Begin PBXSourcesBuildPhase section */
		4BBDABC72593BF7B006F8FE0 /* Sources */ = {
			isa = PBXSourcesBuildPhase;
			buildActionMask = 2147483647;
			files = (
				4BBDAC142593E56B006F8FE0 /* CovidDailyModel.swift in Sources */,
				4BBDABFE2593CDF2006F8FE0 /* CovidDailyData.swift in Sources */,
				4BBDABF52593CB0A006F8FE0 /* NetWorkingEngine.swift in Sources */,
				4BBDAC1A2593ED40006F8FE0 /* AllCovidData.swift in Sources */,
				4BBDABCF2593BF7B006F8FE0 /* AppDelegate.swift in Sources */,
				4BBDAC172593EB32006F8FE0 /* TimeSeriesData.swift in Sources */,
				4BBDABEE2593C77A006F8FE0 /* CovidTableViewController.swift in Sources */,
				4BBDABD12593BF7B006F8FE0 /* SceneDelegate.swift in Sources */,
				4BBDABF42593CB0A006F8FE0 /* Endpoint.swift in Sources */,
				4BBDABF92593CB86006F8FE0 /* CovidTrackingEndpoint.swift in Sources */,
			);
			runOnlyForDeploymentPostprocessing = 0;
		};
/* End PBXSourcesBuildPhase section */

/* Begin PBXVariantGroup section */
		4BBDABD42593BF7B006F8FE0 /* Main.storyboard */ = {
			isa = PBXVariantGroup;
			children = (
				4BBDABD52593BF7B006F8FE0 /* Base */,
			);
			name = Main.storyboard;
			sourceTree = "<group>";
		};
		4BBDABD92593BF82006F8FE0 /* LaunchScreen.storyboard */ = {
			isa = PBXVariantGroup;
			children = (
				4BBDABDA2593BF82006F8FE0 /* Base */,
			);
			name = LaunchScreen.storyboard;
			sourceTree = "<group>";
		};
/* End PBXVariantGroup section */

/* Begin XCBuildConfiguration section */
		4BBDABDD2593BF82006F8FE0 /* Debug */ = {
			isa = XCBuildConfiguration;
			buildSettings = {
				ALWAYS_SEARCH_USER_PATHS = NO;
				CLANG_ANALYZER_NONNULL = YES;
				CLANG_ANALYZER_NUMBER_OBJECT_CONVERSION = YES_AGGRESSIVE;
				CLANG_CXX_LANGUAGE_STANDARD = "gnu++14";
				CLANG_CXX_LIBRARY = "libc++";
				CLANG_ENABLE_MODULES = YES;
				CLANG_ENABLE_OBJC_ARC = YES;
				CLANG_ENABLE_OBJC_WEAK = YES;
				CLANG_WARN_BLOCK_CAPTURE_AUTORELEASING = YES;
				CLANG_WARN_BOOL_CONVERSION = YES;
				CLANG_WARN_COMMA = YES;
				CLANG_WARN_CONSTANT_CONVERSION = YES;
				CLANG_WARN_DEPRECATED_OBJC_IMPLEMENTATIONS = YES;
				CLANG_WARN_DIRECT_OBJC_ISA_USAGE = YES_ERROR;
				CLANG_WARN_DOCUMENTATION_COMMENTS = YES;
				CLANG_WARN_EMPTY_BODY = YES;
				CLANG_WARN_ENUM_CONVERSION = YES;
				CLANG_WARN_INFINITE_RECURSION = YES;
				CLANG_WARN_INT_CONVERSION = YES;
				CLANG_WARN_NON_LITERAL_NULL_CONVERSION = YES;
				CLANG_WARN_OBJC_IMPLICIT_RETAIN_SELF = YES;
				CLANG_WARN_OBJC_LITERAL_CONVERSION = YES;
				CLANG_WARN_OBJC_ROOT_CLASS = YES_ERROR;
				CLANG_WARN_QUOTED_INCLUDE_IN_FRAMEWORK_HEADER = YES;
				CLANG_WARN_RANGE_LOOP_ANALYSIS = YES;
				CLANG_WARN_STRICT_PROTOTYPES = YES;
				CLANG_WARN_SUSPICIOUS_MOVE = YES;
				CLANG_WARN_UNGUARDED_AVAILABILITY = YES_AGGRESSIVE;
				CLANG_WARN_UNREACHABLE_CODE = YES;
				CLANG_WARN__DUPLICATE_METHOD_MATCH = YES;
				COPY_PHASE_STRIP = NO;
				DEBUG_INFORMATION_FORMAT = dwarf;
				ENABLE_STRICT_OBJC_MSGSEND = YES;
				ENABLE_TESTABILITY = YES;
				GCC_C_LANGUAGE_STANDARD = gnu11;
				GCC_DYNAMIC_NO_PIC = NO;
				GCC_NO_COMMON_BLOCKS = YES;
				GCC_OPTIMIZATION_LEVEL = 0;
				GCC_PREPROCESSOR_DEFINITIONS = (
					"DEBUG=1",
					"$(inherited)",
				);
				GCC_WARN_64_TO_32_BIT_CONVERSION = YES;
				GCC_WARN_ABOUT_RETURN_TYPE = YES_ERROR;
				GCC_WARN_UNDECLARED_SELECTOR = YES;
				GCC_WARN_UNINITIALIZED_AUTOS = YES_AGGRESSIVE;
				GCC_WARN_UNUSED_FUNCTION = YES;
				GCC_WARN_UNUSED_VARIABLE = YES;
				IPHONEOS_DEPLOYMENT_TARGET = 14.2;
				MTL_ENABLE_DEBUG_INFO = INCLUDE_SOURCE;
				MTL_FAST_MATH = YES;
				ONLY_ACTIVE_ARCH = YES;
				SDKROOT = iphoneos;
				SWIFT_ACTIVE_COMPILATION_CONDITIONS = DEBUG;
				SWIFT_OPTIMIZATION_LEVEL = "-Onone";
			};
			name = Debug;
		};
		4BBDABDE2593BF82006F8FE0 /* Release */ = {
			isa = XCBuildConfiguration;
			buildSettings = {
				ALWAYS_SEARCH_USER_PATHS = NO;
				CLANG_ANALYZER_NONNULL = YES;
				CLANG_ANALYZER_NUMBER_OBJECT_CONVERSION = YES_AGGRESSIVE;
				CLANG_CXX_LANGUAGE_STANDARD = "gnu++14";
				CLANG_CXX_LIBRARY = "libc++";
				CLANG_ENABLE_MODULES = YES;
				CLANG_ENABLE_OBJC_ARC = YES;
				CLANG_ENABLE_OBJC_WEAK = YES;
				CLANG_WARN_BLOCK_CAPTURE_AUTORELEASING = YES;
				CLANG_WARN_BOOL_CONVERSION = YES;
				CLANG_WARN_COMMA = YES;
				CLANG_WARN_CONSTANT_CONVERSION = YES;
				CLANG_WARN_DEPRECATED_OBJC_IMPLEMENTATIONS = YES;
				CLANG_WARN_DIRECT_OBJC_ISA_USAGE = YES_ERROR;
				CLANG_WARN_DOCUMENTATION_COMMENTS = YES;
				CLANG_WARN_EMPTY_BODY = YES;
				CLANG_WARN_ENUM_CONVERSION = YES;
				CLANG_WARN_INFINITE_RECURSION = YES;
				CLANG_WARN_INT_CONVERSION = YES;
				CLANG_WARN_NON_LITERAL_NULL_CONVERSION = YES;
				CLANG_WARN_OBJC_IMPLICIT_RETAIN_SELF = YES;
				CLANG_WARN_OBJC_LITERAL_CONVERSION = YES;
				CLANG_WARN_OBJC_ROOT_CLASS = YES_ERROR;
				CLANG_WARN_QUOTED_INCLUDE_IN_FRAMEWORK_HEADER = YES;
				CLANG_WARN_RANGE_LOOP_ANALYSIS = YES;
				CLANG_WARN_STRICT_PROTOTYPES = YES;
				CLANG_WARN_SUSPICIOUS_MOVE = YES;
				CLANG_WARN_UNGUARDED_AVAILABILITY = YES_AGGRESSIVE;
				CLANG_WARN_UNREACHABLE_CODE = YES;
				CLANG_WARN__DUPLICATE_METHOD_MATCH = YES;
				COPY_PHASE_STRIP = NO;
				DEBUG_INFORMATION_FORMAT = "dwarf-with-dsym";
				ENABLE_NS_ASSERTIONS = NO;
				ENABLE_STRICT_OBJC_MSGSEND = YES;
				GCC_C_LANGUAGE_STANDARD = gnu11;
				GCC_NO_COMMON_BLOCKS = YES;
				GCC_WARN_64_TO_32_BIT_CONVERSION = YES;
				GCC_WARN_ABOUT_RETURN_TYPE = YES_ERROR;
				GCC_WARN_UNDECLARED_SELECTOR = YES;
				GCC_WARN_UNINITIALIZED_AUTOS = YES_AGGRESSIVE;
				GCC_WARN_UNUSED_FUNCTION = YES;
				GCC_WARN_UNUSED_VARIABLE = YES;
				IPHONEOS_DEPLOYMENT_TARGET = 14.2;
				MTL_ENABLE_DEBUG_INFO = NO;
				MTL_FAST_MATH = YES;
				SDKROOT = iphoneos;
				SWIFT_COMPILATION_MODE = wholemodule;
				SWIFT_OPTIMIZATION_LEVEL = "-O";
				VALIDATE_PRODUCT = YES;
			};
			name = Release;
		};
		4BBDABE02593BF82006F8FE0 /* Debug */ = {
			isa = XCBuildConfiguration;
			buildSettings = {
				ASSETCATALOG_COMPILER_APPICON_NAME = AppIcon;
				ASSETCATALOG_COMPILER_GLOBAL_ACCENT_COLOR_NAME = AccentColor;
				CODE_SIGN_STYLE = Automatic;
				DEVELOPMENT_TEAM = TDD6QTZ33S;
				INFOPLIST_FILE = ConsumingAPIWithMultiThreading/Info.plist;
				LD_RUNPATH_SEARCH_PATHS = (
					"$(inherited)",
					"@executable_path/Frameworks",
				);
				PRODUCT_BUNDLE_IDENTIFIER = com.SoftwareMerchan.ConsumingAPIWithMultiThreading;
				PRODUCT_NAME = "$(TARGET_NAME)";
				SWIFT_VERSION = 5.0;
				TARGETED_DEVICE_FAMILY = "1,2";
			};
			name = Debug;
		};
		4BBDABE12593BF82006F8FE0 /* Release */ = {
			isa = XCBuildConfiguration;
			buildSettings = {
				ASSETCATALOG_COMPILER_APPICON_NAME = AppIcon;
				ASSETCATALOG_COMPILER_GLOBAL_ACCENT_COLOR_NAME = AccentColor;
				CODE_SIGN_STYLE = Automatic;
				DEVELOPMENT_TEAM = TDD6QTZ33S;
				INFOPLIST_FILE = ConsumingAPIWithMultiThreading/Info.plist;
				LD_RUNPATH_SEARCH_PATHS = (
					"$(inherited)",
					"@executable_path/Frameworks",
				);
				PRODUCT_BUNDLE_IDENTIFIER = com.SoftwareMerchan.ConsumingAPIWithMultiThreading;
				PRODUCT_NAME = "$(TARGET_NAME)";
				SWIFT_VERSION = 5.0;
				TARGETED_DEVICE_FAMILY = "1,2";
			};
			name = Release;
		};
/* End XCBuildConfiguration section */

/* Begin XCConfigurationList section */
		4BBDABC62593BF7B006F8FE0 /* Build configuration list for PBXProject "ConsumingAPIWithMultiThreading" */ = {
			isa = XCConfigurationList;
			buildConfigurations = (
				4BBDABDD2593BF82006F8FE0 /* Debug */,
				4BBDABDE2593BF82006F8FE0 /* Release */,
			);
			defaultConfigurationIsVisible = 0;
			defaultConfigurationName = Release;
		};
		4BBDABDF2593BF82006F8FE0 /* Build configuration list for PBXNativeTarget "ConsumingAPIWithMultiThreading" */ = {
			isa = XCConfigurationList;
			buildConfigurations = (
				4BBDABE02593BF82006F8FE0 /* Debug */,
				4BBDABE12593BF82006F8FE0 /* Release */,
			);
			defaultConfigurationIsVisible = 0;
			defaultConfigurationName = Release;
		};
/* End XCConfigurationList section */
	};
	rootObject = 4BBDABC32593BF7B006F8FE0 /* Project object */;
}
